
Microsoft Visual Studio Solution File, Format Version 12.00
# Visual Studio Version 17
VisualStudioVersion = 17.10.35004.147
MinimumVisualStudioVersion = 10.0.40219.1
Project("{FAE04EC0-301F-11D3-BF4B-00C04F79EFBC}") = "ducktask", "ducktask\ducktask.csproj", "{0DD505B1-12CC-4EDA-AB05-CA207660D35D}"
EndProject
Global
	GlobalSection(SolutionConfigurationPlatforms) = preSolution
		Debug|Any CPU = Debug|Any CPU
		Release|Any CPU = Release|Any CPU
	EndGlobalSection
	GlobalSection(ProjectConfigurationPlatforms) = postSolution
		{0DD505B1-12CC-4EDA-AB05-CA207660D35D}.Debug|Any CPU.ActiveCfg = Debug|Any CPU
		{0DD505B1-12CC-4EDA-AB05-CA207660D35D}.Debug|Any CPU.Build.0 = Debug|Any CPU
		{0DD505B1-12CC-4EDA-AB05-CA207660D35D}.Release|Any CPU.ActiveCfg = Release|Any CPU
		{0DD505B1-12CC-4EDA-AB05-CA207660D35D}.Release|Any CPU.Build.0 = Release|Any CPU
	EndGlobalSection
	GlobalSection(SolutionProperties) = preSolution
		HideSolutionNode = FALSE
	EndGlobalSection
	GlobalSection(ExtensibilityGlobals) = postSolution
		SolutionGuid = {0AA2F8C5-5031-4BC3-ABBA-104A0CD9CE15}
	EndGlobalSection
EndGlobal
